{
  "name": "simplelogs-node-example",
  "version": "1.0.0",
  "lockfileVersion": 3,
  "requires": true,
  "packages": {
    "": {
      "name": "simplelogs-node-example",
      "version": "1.0.0",
      "dependencies": {
        "@simplelogs/node": "^1.4.1"
      }
    },
    "node_modules/@simplelogs/core": {
      "version": "1.4.1",
      "resolved": "https://registry.npmjs.org/@simplelogs/core/-/core-1.4.1.tgz",
      "integrity": "sha512-CnZiUYHn8EOqQUzn18btpwJD9D8qgb+3NsDq292sIY/dQam4/0XbNT9VOCgqe1YdWUhzfLC65U95hooLwSkibw==",
      "license": "MIT"
    },
    "node_modules/@simplelogs/node": {
      "version": "1.4.1",
      "resolved": "https://registry.npmjs.org/@simplelogs/node/-/node-1.4.1.tgz",
      "integrity": "sha512-xQnVcOxO9/UUMjRzxAGRP5lRiZzHfNRpPg/M/Iariyx/oZDJNLzjgGCZoWssKHvo4lFJkN1V6X34GIN4kuQO1w==",
      "license": "MIT",
      "dependencies": {
        "@simplelogs/core": "^1.4.1"
      }
    }
  }
}
